{
  "nodes": {
    "nix-darwin": {
      "inputs": {
        "nixpkgs": [
          "nixpkgs"
        ]
      },
      "locked": {
        "lastModified": 1743127615,
        "narHash": "sha256-+sMGqywrSr50BGMLMeY789mSrzjkoxZiu61eWjYS/8o=",
        "ref": "nix-darwin-24.11",
        "rev": "fc843893cecc1838a59713ee3e50e9e7edc6207c",
        "revCount": 2014,
        "type": "git",
        "url": "ssh://git@github.com/LnL7/nix-darwin"
      },
      "original": {
        "ref": "nix-darwin-24.11",
        "type": "git",
        "url": "ssh://git@github.com/LnL7/nix-darwin"
      }
    },
    "nixpkgs": {
      "locked": {
        "lastModified": 1751290243,
        "narHash": "sha256-kNf+obkpJZWar7HZymXZbW+Rlk3HTEIMlpc6FCNz0Ds=",
        "ref": "nixpkgs-24.11-darwin",
        "rev": "5ab036a8d97cb9476fbe81b09076e6e91d15e1b6",
        "revCount": 719122,
        "type": "git",
        "url": "ssh://git@github.com/NixOS/nixpkgs"
      },
      "original": {
        "ref": "nixpkgs-24.11-darwin",
        "type": "git",
        "url": "ssh://git@github.com/NixOS/nixpkgs"
      }
    },
    "nixpkgs-unstable": {
      "locked": {
        "lastModified": 1780930886,
        "narHash": "sha256-rppURzHviaQN131F+nLiLdGfcb0uCd9gGP0E5+iw9MI=",
        "ref": "nixpkgs-unstable",
        "rev": "8c3cede7ddc26bd659d2d383b5610efbd2c7a16e",
        "revCount": 1012902,
        "type": "git",
        "url": "ssh://git@github.com/NixOS/nixpkgs"
      },
      "original": {
        "ref": "nixpkgs-unstable",
        "type": "git",
        "url": "ssh://git@github.com/NixOS/nixpkgs"
      }
    },
    "root": {
      "inputs": {
        "nix-darwin": "nix-darwin",
        "nixpkgs": "nixpkgs",
        "nixpkgs-unstable": "nixpkgs-unstable"
      }
    }
  },
  "root": "root",
  "version": 7
}
